
Microsoft Visual Studio Solution File, Format Version 12.00
# Visual Studio Version 16
VisualStudioVersion = 16.0.30320.27
MinimumVisualStudioVersion = 10.0.40219.1
Project("{888888A0-9F3D-457C-B088-3A5042F75D52}") = "PythonApplication29", "PythonApplication29.pyproj", "{A9AB0A46-1C5D-4F74-88A8-A95908ACD7AD}"
EndProject
Global
	GlobalSection(SolutionConfigurationPlatforms) = preSolution
		Debug|Any CPU = Debug|Any CPU
		Release|Any CPU = Release|Any CPU
	EndGlobalSection
	GlobalSection(ProjectConfigurationPlatforms) = postSolution
		{A9AB0A46-1C5D-4F74-88A8-A95908ACD7AD}.Debug|Any CPU.ActiveCfg = Debug|Any CPU
		{A9AB0A46-1C5D-4F74-88A8-A95908ACD7AD}.Release|Any CPU.ActiveCfg = Release|Any CPU
	EndGlobalSection
	GlobalSection(SolutionProperties) = preSolution
		HideSolutionNode = FALSE
	EndGlobalSection
	GlobalSection(ExtensibilityGlobals) = postSolution
		SolutionGuid = {FE9264F0-F396-4DF5-B82D-61C176381088}
	EndGlobalSection
EndGlobal
