
Microsoft Visual Studio Solution File, Format Version 12.00
# Visual Studio Version 16
VisualStudioVersion = 16.0.30320.27
MinimumVisualStudioVersion = 10.0.40219.1
Project("{888888A0-9F3D-457C-B088-3A5042F75D52}") = "PythonApplication6", "PythonApplication6.pyproj", "{B30437EF-8AD6-4E1D-BB88-A0E2BE4B0FA2}"
EndProject
Global
	GlobalSection(SolutionConfigurationPlatforms) = preSolution
		Debug|Any CPU = Debug|Any CPU
		Release|Any CPU = Release|Any CPU
	EndGlobalSection
	GlobalSection(ProjectConfigurationPlatforms) = postSolution
		{B30437EF-8AD6-4E1D-BB88-A0E2BE4B0FA2}.Debug|Any CPU.ActiveCfg = Debug|Any CPU
		{B30437EF-8AD6-4E1D-BB88-A0E2BE4B0FA2}.Release|Any CPU.ActiveCfg = Release|Any CPU
	EndGlobalSection
	GlobalSection(SolutionProperties) = preSolution
		HideSolutionNode = FALSE
	EndGlobalSection
	GlobalSection(ExtensibilityGlobals) = postSolution
		SolutionGuid = {FBD58FD8-9C9E-4BE0-B02F-F010DFF85879}
	EndGlobalSection
EndGlobal
