
Microsoft Visual Studio Solution File, Format Version 12.00
# Visual Studio Version 16
VisualStudioVersion = 16.0.30320.27
MinimumVisualStudioVersion = 10.0.40219.1
Project("{888888A0-9F3D-457C-B088-3A5042F75D52}") = "PythonApplication24", "PythonApplication24.pyproj", "{A99C2FCF-4326-4CAC-B97E-FC5C04A40584}"
EndProject
Global
	GlobalSection(SolutionConfigurationPlatforms) = preSolution
		Debug|Any CPU = Debug|Any CPU
		Release|Any CPU = Release|Any CPU
	EndGlobalSection
	GlobalSection(ProjectConfigurationPlatforms) = postSolution
		{A99C2FCF-4326-4CAC-B97E-FC5C04A40584}.Debug|Any CPU.ActiveCfg = Debug|Any CPU
		{A99C2FCF-4326-4CAC-B97E-FC5C04A40584}.Release|Any CPU.ActiveCfg = Release|Any CPU
	EndGlobalSection
	GlobalSection(SolutionProperties) = preSolution
		HideSolutionNode = FALSE
	EndGlobalSection
	GlobalSection(ExtensibilityGlobals) = postSolution
		SolutionGuid = {C3ED3205-9346-457E-A1E3-E17BA250941E}
	EndGlobalSection
EndGlobal
