
Microsoft Visual Studio Solution File, Format Version 12.00
# Visual Studio Version 16
VisualStudioVersion = 16.0.30320.27
MinimumVisualStudioVersion = 10.0.40219.1
Project("{888888A0-9F3D-457C-B088-3A5042F75D52}") = "PythonApplication19", "PythonApplication19.pyproj", "{215C3A31-01BD-40FB-9944-FFA6C74FE287}"
EndProject
Global
	GlobalSection(SolutionConfigurationPlatforms) = preSolution
		Debug|Any CPU = Debug|Any CPU
		Release|Any CPU = Release|Any CPU
	EndGlobalSection
	GlobalSection(ProjectConfigurationPlatforms) = postSolution
		{215C3A31-01BD-40FB-9944-FFA6C74FE287}.Debug|Any CPU.ActiveCfg = Debug|Any CPU
		{215C3A31-01BD-40FB-9944-FFA6C74FE287}.Release|Any CPU.ActiveCfg = Release|Any CPU
	EndGlobalSection
	GlobalSection(SolutionProperties) = preSolution
		HideSolutionNode = FALSE
	EndGlobalSection
	GlobalSection(ExtensibilityGlobals) = postSolution
		SolutionGuid = {EC3814DC-DED8-4AE9-A034-D590D4220164}
	EndGlobalSection
EndGlobal
