
Microsoft Visual Studio Solution File, Format Version 12.00
# Visual Studio Version 16
VisualStudioVersion = 16.0.30320.27
MinimumVisualStudioVersion = 10.0.40219.1
Project("{888888A0-9F3D-457C-B088-3A5042F75D52}") = "PythonApplication16", "PythonApplication16.pyproj", "{32A8505A-B9D2-4EAD-A126-C5B4E77EF66E}"
EndProject
Global
	GlobalSection(SolutionConfigurationPlatforms) = preSolution
		Debug|Any CPU = Debug|Any CPU
		Release|Any CPU = Release|Any CPU
	EndGlobalSection
	GlobalSection(ProjectConfigurationPlatforms) = postSolution
		{32A8505A-B9D2-4EAD-A126-C5B4E77EF66E}.Debug|Any CPU.ActiveCfg = Debug|Any CPU
		{32A8505A-B9D2-4EAD-A126-C5B4E77EF66E}.Release|Any CPU.ActiveCfg = Release|Any CPU
	EndGlobalSection
	GlobalSection(SolutionProperties) = preSolution
		HideSolutionNode = FALSE
	EndGlobalSection
	GlobalSection(ExtensibilityGlobals) = postSolution
		SolutionGuid = {FDF842F5-484A-458E-811D-6AD83B61AC7B}
	EndGlobalSection
EndGlobal
