
Microsoft Visual Studio Solution File, Format Version 12.00
# Visual Studio Version 16
VisualStudioVersion = 16.0.30320.27
MinimumVisualStudioVersion = 10.0.40219.1
Project("{888888A0-9F3D-457C-B088-3A5042F75D52}") = "PythonApplication7", "PythonApplication7.pyproj", "{9FE358F7-6F7E-4877-A253-6F7C7B0CAF68}"
EndProject
Global
	GlobalSection(SolutionConfigurationPlatforms) = preSolution
		Debug|Any CPU = Debug|Any CPU
		Release|Any CPU = Release|Any CPU
	EndGlobalSection
	GlobalSection(ProjectConfigurationPlatforms) = postSolution
		{9FE358F7-6F7E-4877-A253-6F7C7B0CAF68}.Debug|Any CPU.ActiveCfg = Debug|Any CPU
		{9FE358F7-6F7E-4877-A253-6F7C7B0CAF68}.Release|Any CPU.ActiveCfg = Release|Any CPU
	EndGlobalSection
	GlobalSection(SolutionProperties) = preSolution
		HideSolutionNode = FALSE
	EndGlobalSection
	GlobalSection(ExtensibilityGlobals) = postSolution
		SolutionGuid = {3551928E-FFAB-4C3E-B977-10D40FE9348F}
	EndGlobalSection
EndGlobal
