
Microsoft Visual Studio Solution File, Format Version 12.00
# Visual Studio Version 16
VisualStudioVersion = 16.0.30320.27
MinimumVisualStudioVersion = 10.0.40219.1
Project("{888888A0-9F3D-457C-B088-3A5042F75D52}") = "PythonApplication15", "PythonApplication15.pyproj", "{68A82C84-BAB7-47E6-A0F2-18974F146949}"
EndProject
Global
	GlobalSection(SolutionConfigurationPlatforms) = preSolution
		Debug|Any CPU = Debug|Any CPU
		Release|Any CPU = Release|Any CPU
	EndGlobalSection
	GlobalSection(ProjectConfigurationPlatforms) = postSolution
		{68A82C84-BAB7-47E6-A0F2-18974F146949}.Debug|Any CPU.ActiveCfg = Debug|Any CPU
		{68A82C84-BAB7-47E6-A0F2-18974F146949}.Release|Any CPU.ActiveCfg = Release|Any CPU
	EndGlobalSection
	GlobalSection(SolutionProperties) = preSolution
		HideSolutionNode = FALSE
	EndGlobalSection
	GlobalSection(ExtensibilityGlobals) = postSolution
		SolutionGuid = {E8BE9032-34C3-4E85-8264-72D424718235}
	EndGlobalSection
EndGlobal
